
Microsoft Visual Studio Solution File, Format Version 12.00
# Visual Studio 15
VisualStudioVersion = 15.0.27130.2027
MinimumVisualStudioVersion = 10.0.40219.1
Project("{FAE04EC0-301F-11D3-BF4B-00C04F79EFBC}") = "ZeitJob.Android", "ZeitJob\ZeitJob.Android\ZeitJob.Android.csproj", "{03F4E057-6754-4412-BE58-ED7AF7CBFA73}"
EndProject
Project("{FAE04EC0-301F-11D3-BF4B-00C04F79EFBC}") = "ZeitJob.iOS", "ZeitJob\ZeitJob.iOS\ZeitJob.iOS.csproj", "{79FFB762-2D50-48B2-8C15-059D1BF8DEF8}"
EndProject
Project("{FAE04EC0-301F-11D3-BF4B-00C04F79EFBC}") = "ZeitJob.UWP", "ZeitJob\ZeitJob.UWP\ZeitJob.UWP.csproj", "{7DAC0028-DF93-4B62-8B58-35915E815D40}"
EndProject
Project("{FAE04EC0-301F-11D3-BF4B-00C04F79EFBC}") = "ZeitJob", "ZeitJob\ZeitJob\ZeitJob.csproj", "{EC8A4C2B-EF1D-4EA8-BF45-479D76136A3C}"
EndProject
Global
	GlobalSection(SolutionConfigurationPlatforms) = preSolution
		Ad-Hoc|Any CPU = Ad-Hoc|Any CPU
		Ad-Hoc|ARM = Ad-Hoc|ARM
		Ad-Hoc|iPhone = Ad-Hoc|iPhone
		Ad-Hoc|iPhoneSimulator = Ad-Hoc|iPhoneSimulator
		Ad-Hoc|x64 = Ad-Hoc|x64
		Ad-Hoc|x86 = Ad-Hoc|x86
		AppStore|Any CPU = AppStore|Any CPU
		AppStore|ARM = AppStore|ARM
		AppStore|iPhone = AppStore|iPhone
		AppStore|iPhoneSimulator = AppStore|iPhoneSimulator
		AppStore|x64 = AppStore|x64
		AppStore|x86 = AppStore|x86
		Debug|Any CPU = Debug|Any CPU
		Debug|ARM = Debug|ARM
		Debug|iPhone = Debug|iPhone
		Debug|iPhoneSimulator = Debug|iPhoneSimulator
		Debug|x64 = Debug|x64
		Debug|x86 = Debug|x86
		Release|Any CPU = Release|Any CPU
		Release|ARM = Release|ARM
		Release|iPhone = Release|iPhone
		Release|iPhoneSimulator = Release|iPhoneSimulator
		Release|x64 = Release|x64
		Release|x86 = Release|x86
	EndGlobalSection
	GlobalSection(ProjectConfigurationPlatforms) = postSolution
		{03F4E057-6754-4412-BE58-ED7AF7CBFA73}.Ad-Hoc|Any CPU.ActiveCfg = Release|Any CPU
		{03F4E057-6754-4412-BE58-ED7AF7CBFA73}.Ad-Hoc|Any CPU.Build.0 = Release|Any CPU
		{03F4E057-6754-4412-BE58-ED7AF7CBFA73}.Ad-Hoc|Any CPU.Deploy.0 = Release|Any CPU
		{03F4E057-6754-4412-BE58-ED7AF7CBFA73}.Ad-Hoc|ARM.ActiveCfg = Release|Any CPU
		{03F4E057-6754-4412-BE58-ED7AF7CBFA73}.Ad-Hoc|ARM.Build.0 = Release|Any CPU
		{03F4E057-6754-4412-BE58-ED7AF7CBFA73}.Ad-Hoc|ARM.Deploy.0 = Release|Any CPU
		{03F4E057-6754-4412-BE58-ED7AF7CBFA73}.Ad-Hoc|iPhone.ActiveCfg = Release|Any CPU
		{03F4E057-6754-4412-BE58-ED7AF7CBFA73}.Ad-Hoc|iPhone.Build.0 = Release|Any CPU
		{03F4E057-6754-4412-BE58-ED7AF7CBFA73}.Ad-Hoc|iPhone.Deploy.0 = Release|Any CPU
		{03F4E057-6754-4412-BE58-ED7AF7CBFA73}.Ad-Hoc|iPhoneSimulator.ActiveCfg = Release|Any CPU
		{03F4E057-6754-4412-BE58-ED7AF7CBFA73}.Ad-Hoc|iPhoneSimulator.Build.0 = Release|Any CPU
		{03F4E057-6754-4412-BE58-ED7AF7CBFA73}.Ad-Hoc|iPhoneSimulator.Deploy.0 = Release|Any CPU
		{03F4E057-6754-4412-BE58-ED7AF7CBFA73}.Ad-Hoc|x64.ActiveCfg = Release|Any CPU
		{03F4E057-6754-4412-BE58-ED7AF7CBFA73}.Ad-Hoc|x64.Build.0 = Release|Any CPU
		{03F4E057-6754-4412-BE58-ED7AF7CBFA73}.Ad-Hoc|x64.Deploy.0 = Release|Any CPU
		{03F4E057-6754-4412-BE58-ED7AF7CBFA73}.Ad-Hoc|x86.ActiveCfg = Release|Any CPU
		{03F4E057-6754-4412-BE58-ED7AF7CBFA73}.Ad-Hoc|x86.Build.0 = Release|Any CPU
		{03F4E057-6754-4412-BE58-ED7AF7CBFA73}.Ad-Hoc|x86.Deploy.0 = Release|Any CPU
		{03F4E057-6754-4412-BE58-ED7AF7CBFA73}.AppStore|Any CPU.ActiveCfg = Release|Any CPU
		{03F4E057-6754-4412-BE58-ED7AF7CBFA73}.AppStore|Any CPU.Build.0 = Release|Any CPU
		{03F4E057-6754-4412-BE58-ED7AF7CBFA73}.AppStore|Any CPU.Deploy.0 = Release|Any CPU
		{03F4E057-6754-4412-BE58-ED7AF7CBFA73}.AppStore|ARM.ActiveCfg = Release|Any CPU
		{03F4E057-6754-4412-BE58-ED7AF7CBFA73}.AppStore|ARM.Build.0 = Release|Any CPU
		{03F4E057-6754-4412-BE58-ED7AF7CBFA73}.AppStore|ARM.Deploy.0 = Release|Any CPU
		{03F4E057-6754-4412-BE58-ED7AF7CBFA73}.AppStore|iPhone.ActiveCfg = Release|Any CPU
		{03F4E057-6754-4412-BE58-ED7AF7CBFA73}.AppStore|iPhone.Build.0 = Release|Any CPU
		{03F4E057-6754-4412-BE58-ED7AF7CBFA73}.AppStore|iPhone.Deploy.0 = Release|Any CPU
		{03F4E057-6754-4412-BE58-ED7AF7CBFA73}.AppStore|iPhoneSimulator.ActiveCfg = Release|Any CPU
		{03F4E057-6754-4412-BE58-ED7AF7CBFA73}.AppStore|iPhoneSimulator.Build.0 = Release|Any CPU
		{03F4E057-6754-4412-BE58-ED7AF7CBFA73}.AppStore|iPhoneSimulator.Deploy.0 = Release|Any CPU
		{03F4E057-6754-4412-BE58-ED7AF7CBFA73}.AppStore|x64.ActiveCfg = Release|Any CPU
		{03F4E057-6754-4412-BE58-ED7AF7CBFA73}.AppStore|x64.Build.0 = Release|Any CPU
		{03F4E057-6754-4412-BE58-ED7AF7CBFA73}.AppStore|x64.Deploy.0 = Release|Any CPU
		{03F4E057-6754-4412-BE58-ED7AF7CBFA73}.AppStore|x86.ActiveCfg = Release|Any CPU
		{03F4E057-6754-4412-BE58-ED7AF7CBFA73}.AppStore|x86.Build.0 = Release|Any CPU
		{03F4E057-6754-4412-BE58-ED7AF7CBFA73}.AppStore|x86.Deploy.0 = Release|Any CPU
		{03F4E057-6754-4412-BE58-ED7AF7CBFA73}.Debug|Any CPU.ActiveCfg = Debug|Any CPU
		{03F4E057-6754-4412-BE58-ED7AF7CBFA73}.Debug|Any CPU.Build.0 = Debug|Any CPU
		{03F4E057-6754-4412-BE58-ED7AF7CBFA73}.Debug|Any CPU.Deploy.0 = Debug|Any CPU
		{03F4E057-6754-4412-BE58-ED7AF7CBFA73}.Debug|ARM.ActiveCfg = Debug|Any CPU
		{03F4E057-6754-4412-BE58-ED7AF7CBFA73}.Debug|ARM.Build.0 = Debug|Any CPU
		{03F4E057-6754-4412-BE58-ED7AF7CBFA73}.Debug|ARM.Deploy.0 = Debug|Any CPU
		{03F4E057-6754-4412-BE58-ED7AF7CBFA73}.Debug|iPhone.ActiveCfg = Debug|Any CPU
		{03F4E057-6754-4412-BE58-ED7AF7CBFA73}.Debug|iPhone.Build.0 = Debug|Any CPU
		{03F4E057-6754-4412-BE58-ED7AF7CBFA73}.Debug|iPhone.Deploy.0 = Debug|Any CPU
		{03F4E057-6754-4412-BE58-ED7AF7CBFA73}.Debug|iPhoneSimulator.ActiveCfg = Debug|Any CPU
		{03F4E057-6754-4412-BE58-ED7AF7CBFA73}.Debug|iPhoneSimulator.Build.0 = Debug|Any CPU
		{03F4E057-6754-4412-BE58-ED7AF7CBFA73}.Debug|iPhoneSimulator.Deploy.0 = Debug|Any CPU
		{03F4E057-6754-4412-BE58-ED7AF7CBFA73}.Debug|x64.ActiveCfg = Debug|Any CPU
		{03F4E057-6754-4412-BE58-ED7AF7CBFA73}.Debug|x64.Build.0 = Debug|Any CPU
		{03F4E057-6754-4412-BE58-ED7AF7CBFA73}.Debug|x64.Deploy.0 = Debug|Any CPU
		{03F4E057-6754-4412-BE58-ED7AF7CBFA73}.Debug|x86.ActiveCfg = Debug|Any CPU
		{03F4E057-6754-4412-BE58-ED7AF7CBFA73}.Debug|x86.Build.0 = Debug|Any CPU
		{03F4E057-6754-4412-BE58-ED7AF7CBFA73}.Debug|x86.Deploy.0 = Debug|Any CPU
		{03F4E057-6754-4412-BE58-ED7AF7CBFA73}.Release|Any CPU.ActiveCfg = Release|Any CPU
		{03F4E057-6754-4412-BE58-ED7AF7CBFA73}.Release|Any CPU.Build.0 = Release|Any CPU
		{03F4E057-6754-4412-BE58-ED7AF7CBFA73}.Release|Any CPU.Deploy.0 = Release|Any CPU
		{03F4E057-6754-4412-BE58-ED7AF7CBFA73}.Release|ARM.ActiveCfg = Release|Any CPU
		{03F4E057-6754-4412-BE58-ED7AF7CBFA73}.Release|ARM.Build.0 = Release|Any CPU
		{03F4E057-6754-4412-BE58-ED7AF7CBFA73}.Release|ARM.Deploy.0 = Release|Any CPU
		{03F4E057-6754-4412-BE58-ED7AF7CBFA73}.Release|iPhone.ActiveCfg = Release|Any CPU
		{03F4E057-6754-4412-BE58-ED7AF7CBFA73}.Release|iPhone.Build.0 = Release|Any CPU
		{03F4E057-6754-4412-BE58-ED7AF7CBFA73}.Release|iPhone.Deploy.0 = Release|Any CPU
		{03F4E057-6754-4412-BE58-ED7AF7CBFA73}.Release|iPhoneSimulator.ActiveCfg = Release|Any CPU
		{03F4E057-6754-4412-BE58-ED7AF7CBFA73}.Release|iPhoneSimulator.Build.0 = Release|Any CPU
		{03F4E057-6754-4412-BE58-ED7AF7CBFA73}.Release|iPhoneSimulator.Deploy.0 = Release|Any CPU
		{03F4E057-6754-4412-BE58-ED7AF7CBFA73}.Release|x64.ActiveCfg = Release|Any CPU
		{03F4E057-6754-4412-BE58-ED7AF7CBFA73}.Release|x64.Build.0 = Release|Any CPU
		{03F4E057-6754-4412-BE58-ED7AF7CBFA73}.Release|x64.Deploy.0 = Release|Any CPU
		{03F4E057-6754-4412-BE58-ED7AF7CBFA73}.Release|x86.ActiveCfg = Release|Any CPU
		{03F4E057-6754-4412-BE58-ED7AF7CBFA73}.Release|x86.Build.0 = Release|Any CPU
		{03F4E057-6754-4412-BE58-ED7AF7CBFA73}.Release|x86.Deploy.0 = Release|Any CPU
		{79FFB762-2D50-48B2-8C15-059D1BF8DEF8}.Ad-Hoc|Any CPU.ActiveCfg = Ad-Hoc|iPhone
		{79FFB762-2D50-48B2-8C15-059D1BF8DEF8}.Ad-Hoc|ARM.ActiveCfg = Ad-Hoc|iPhone
		{79FFB762-2D50-48B2-8C15-059D1BF8DEF8}.Ad-Hoc|iPhone.ActiveCfg = Ad-Hoc|iPhone
		{79FFB762-2D50-48B2-8C15-059D1BF8DEF8}.Ad-Hoc|iPhone.Build.0 = Ad-Hoc|iPhone
		{79FFB762-2D50-48B2-8C15-059D1BF8DEF8}.Ad-Hoc|iPhoneSimulator.ActiveCfg = Ad-Hoc|iPhoneSimulator
		{79FFB762-2D50-48B2-8C15-059D1BF8DEF8}.Ad-Hoc|iPhoneSimulator.Build.0 = Ad-Hoc|iPhoneSimulator
		{79FFB762-2D50-48B2-8C15-059D1BF8DEF8}.Ad-Hoc|x64.ActiveCfg = Ad-Hoc|iPhone
		{79FFB762-2D50-48B2-8C15-059D1BF8DEF8}.Ad-Hoc|x86.ActiveCfg = Ad-Hoc|iPhone
		{79FFB762-2D50-48B2-8C15-059D1BF8DEF8}.AppStore|Any CPU.ActiveCfg = AppStore|iPhone
		{79FFB762-2D50-48B2-8C15-059D1BF8DEF8}.AppStore|ARM.ActiveCfg = AppStore|iPhone
		{79FFB762-2D50-48B2-8C15-059D1BF8DEF8}.AppStore|iPhone.ActiveCfg = AppStore|iPhone
		{79FFB762-2D50-48B2-8C15-059D1BF8DEF8}.AppStore|iPhone.Build.0 = AppStore|iPhone
		{79FFB762-2D50-48B2-8C15-059D1BF8DEF8}.AppStore|iPhoneSimulator.ActiveCfg = AppStore|iPhoneSimulator
		{79FFB762-2D50-48B2-8C15-059D1BF8DEF8}.AppStore|iPhoneSimulator.Build.0 = AppStore|iPhoneSimulator
		{79FFB762-2D50-48B2-8C15-059D1BF8DEF8}.AppStore|x64.ActiveCfg = AppStore|iPhone
		{79FFB762-2D50-48B2-8C15-059D1BF8DEF8}.AppStore|x86.ActiveCfg = AppStore|iPhone
		{79FFB762-2D50-48B2-8C15-059D1BF8DEF8}.Debug|Any CPU.ActiveCfg = Debug|iPhone
		{79FFB762-2D50-48B2-8C15-059D1BF8DEF8}.Debug|ARM.ActiveCfg = Debug|iPhone
		{79FFB762-2D50-48B2-8C15-059D1BF8DEF8}.Debug|iPhone.ActiveCfg = Debug|iPhone
		{79FFB762-2D50-48B2-8C15-059D1BF8DEF8}.Debug|iPhone.Build.0 = Debug|iPhone
		{79FFB762-2D50-48B2-8C15-059D1BF8DEF8}.Debug|iPhoneSimulator.ActiveCfg = Debug|iPhoneSimulator
		{79FFB762-2D50-48B2-8C15-059D1BF8DEF8}.Debug|iPhoneSimulator.Build.0 = Debug|iPhoneSimulator
		{79FFB762-2D50-48B2-8C15-059D1BF8DEF8}.Debug|x64.ActiveCfg = Debug|iPhone
		{79FFB762-2D50-48B2-8C15-059D1BF8DEF8}.Debug|x86.ActiveCfg = Debug|iPhone
		{79FFB762-2D50-48B2-8C15-059D1BF8DEF8}.Release|Any CPU.ActiveCfg = Release|iPhone
		{79FFB762-2D50-48B2-8C15-059D1BF8DEF8}.Release|ARM.ActiveCfg = Release|iPhone
		{79FFB762-2D50-48B2-8C15-059D1BF8DEF8}.Release|iPhone.ActiveCfg = Release|iPhone
		{79FFB762-2D50-48B2-8C15-059D1BF8DEF8}.Release|iPhone.Build.0 = Release|iPhone
		{79FFB762-2D50-48B2-8C15-059D1BF8DEF8}.Release|iPhoneSimulator.ActiveCfg = Release|iPhoneSimulator
		{79FFB762-2D50-48B2-8C15-059D1BF8DEF8}.Release|iPhoneSimulator.Build.0 = Release|iPhoneSimulator
		{79FFB762-2D50-48B2-8C15-059D1BF8DEF8}.Release|x64.ActiveCfg = Release|iPhone
		{79FFB762-2D50-48B2-8C15-059D1BF8DEF8}.Release|x86.ActiveCfg = Release|iPhone
		{7DAC0028-DF93-4B62-8B58-35915E815D40}.Ad-Hoc|Any CPU.ActiveCfg = Release|x86
		{7DAC0028-DF93-4B62-8B58-35915E815D40}.Ad-Hoc|Any CPU.Build.0 = Release|x86
		{7DAC0028-DF93-4B62-8B58-35915E815D40}.Ad-Hoc|Any CPU.Deploy.0 = Release|x86
		{7DAC0028-DF93-4B62-8B58-35915E815D40}.Ad-Hoc|ARM.ActiveCfg = Release|ARM
		{7DAC0028-DF93-4B62-8B58-35915E815D40}.Ad-Hoc|ARM.Build.0 = Release|ARM
		{7DAC0028-DF93-4B62-8B58-35915E815D40}.Ad-Hoc|ARM.Deploy.0 = Release|ARM
		{7DAC0028-DF93-4B62-8B58-35915E815D40}.Ad-Hoc|iPhone.ActiveCfg = Release|x86
		{7DAC0028-DF93-4B62-8B58-35915E815D40}.Ad-Hoc|iPhone.Build.0 = Release|x86
		{7DAC0028-DF93-4B62-8B58-35915E815D40}.Ad-Hoc|iPhone.Deploy.0 = Release|x86
		{7DAC0028-DF93-4B62-8B58-35915E815D40}.Ad-Hoc|iPhoneSimulator.ActiveCfg = Release|x86
		{7DAC0028-DF93-4B62-8B58-35915E815D40}.Ad-Hoc|iPhoneSimulator.Build.0 = Release|x86
		{7DAC0028-DF93-4B62-8B58-35915E815D40}.Ad-Hoc|iPhoneSimulator.Deploy.0 = Release|x86
		{7DAC0028-DF93-4B62-8B58-35915E815D40}.Ad-Hoc|x64.ActiveCfg = Release|x64
		{7DAC0028-DF93-4B62-8B58-35915E815D40}.Ad-Hoc|x64.Build.0 = Release|x64
		{7DAC0028-DF93-4B62-8B58-35915E815D40}.Ad-Hoc|x64.Deploy.0 = Release|x64
		{7DAC0028-DF93-4B62-8B58-35915E815D40}.Ad-Hoc|x86.ActiveCfg = Release|x86
		{7DAC0028-DF93-4B62-8B58-35915E815D40}.Ad-Hoc|x86.Build.0 = Release|x86
		{7DAC0028-DF93-4B62-8B58-35915E815D40}.Ad-Hoc|x86.Deploy.0 = Release|x86
		{7DAC0028-DF93-4B62-8B58-35915E815D40}.AppStore|Any CPU.ActiveCfg = Release|x86
		{7DAC0028-DF93-4B62-8B58-35915E815D40}.AppStore|Any CPU.Build.0 = Release|x86
		{7DAC0028-DF93-4B62-8B58-35915E815D40}.AppStore|Any CPU.Deploy.0 = Release|x86
		{7DAC0028-DF93-4B62-8B58-35915E815D40}.AppStore|ARM.ActiveCfg = Release|ARM
		{7DAC0028-DF93-4B62-8B58-35915E815D40}.AppStore|ARM.Build.0 = Release|ARM
		{7DAC0028-DF93-4B62-8B58-35915E815D40}.AppStore|ARM.Deploy.0 = Release|ARM
		{7DAC0028-DF93-4B62-8B58-35915E815D40}.AppStore|iPhone.ActiveCfg = Release|x86
		{7DAC0028-DF93-4B62-8B58-35915E815D40}.AppStore|iPhone.Build.0 = Release|x86
		{7DAC0028-DF93-4B62-8B58-35915E815D40}.AppStore|iPhone.Deploy.0 = Release|x86
		{7DAC0028-DF93-4B62-8B58-35915E815D40}.AppStore|iPhoneSimulator.ActiveCfg = Release|x86
		{7DAC0028-DF93-4B62-8B58-35915E815D40}.AppStore|iPhoneSimulator.Build.0 = Release|x86
		{7DAC0028-DF93-4B62-8B58-35915E815D40}.AppStore|iPhoneSimulator.Deploy.0 = Release|x86
		{7DAC0028-DF93-4B62-8B58-35915E815D40}.AppStore|x64.ActiveCfg = Release|x64
		{7DAC0028-DF93-4B62-8B58-35915E815D40}.AppStore|x64.Build.0 = Release|x64
		{7DAC0028-DF93-4B62-8B58-35915E815D40}.AppStore|x64.Deploy.0 = Release|x64
		{7DAC0028-DF93-4B62-8B58-35915E815D40}.AppStore|x86.ActiveCfg = Release|x86
		{7DAC0028-DF93-4B62-8B58-35915E815D40}.AppStore|x86.Build.0 = Release|x86
		{7DAC0028-DF93-4B62-8B58-35915E815D40}.AppStore|x86.Deploy.0 = Release|x86
		{7DAC0028-DF93-4B62-8B58-35915E815D40}.Debug|Any CPU.ActiveCfg = Debug|x86
		{7DAC0028-DF93-4B62-8B58-35915E815D40}.Debug|ARM.ActiveCfg = Debug|ARM
		{7DAC0028-DF93-4B62-8B58-35915E815D40}.Debug|ARM.Build.0 = Debug|ARM
		{7DAC0028-DF93-4B62-8B58-35915E815D40}.Debug|ARM.Deploy.0 = Debug|ARM
		{7DAC0028-DF93-4B62-8B58-35915E815D40}.Debug|iPhone.ActiveCfg = Debug|x86
		{7DAC0028-DF93-4B62-8B58-35915E815D40}.Debug|iPhoneSimulator.ActiveCfg = Debug|x86
		{7DAC0028-DF93-4B62-8B58-35915E815D40}.Debug|x64.ActiveCfg = Debug|x64
		{7DAC0028-DF93-4B62-8B58-35915E815D40}.Debug|x64.Build.0 = Debug|x64
		{7DAC0028-DF93-4B62-8B58-35915E815D40}.Debug|x64.Deploy.0 = Debug|x64
		{7DAC0028-DF93-4B62-8B58-35915E815D40}.Debug|x86.ActiveCfg = Debug|x86
		{7DAC0028-DF93-4B62-8B58-35915E815D40}.Debug|x86.Build.0 = Debug|x86
		{7DAC0028-DF93-4B62-8B58-35915E815D40}.Debug|x86.Deploy.0 = Debug|x86
		{7DAC0028-DF93-4B62-8B58-35915E815D40}.Release|Any CPU.ActiveCfg = Release|x86
		{7DAC0028-DF93-4B62-8B58-35915E815D40}.Release|ARM.ActiveCfg = Release|ARM
		{7DAC0028-DF93-4B62-8B58-35915E815D40}.Release|ARM.Build.0 = Release|ARM
		{7DAC0028-DF93-4B62-8B58-35915E815D40}.Release|ARM.Deploy.0 = Release|ARM
		{7DAC0028-DF93-4B62-8B58-35915E815D40}.Release|iPhone.ActiveCfg = Release|x86
		{7DAC0028-DF93-4B62-8B58-35915E815D40}.Release|iPhoneSimulator.ActiveCfg = Release|x86
		{7DAC0028-DF93-4B62-8B58-35915E815D40}.Release|x64.ActiveCfg = Release|x64
		{7DAC0028-DF93-4B62-8B58-35915E815D40}.Release|x64.Build.0 = Release|x64
		{7DAC0028-DF93-4B62-8B58-35915E815D40}.Release|x64.Deploy.0 = Release|x64
		{7DAC0028-DF93-4B62-8B58-35915E815D40}.Release|x86.ActiveCfg = Release|x86
		{7DAC0028-DF93-4B62-8B58-35915E815D40}.Release|x86.Build.0 = Release|x86
		{7DAC0028-DF93-4B62-8B58-35915E815D40}.Release|x86.Deploy.0 = Release|x86
		{EC8A4C2B-EF1D-4EA8-BF45-479D76136A3C}.Ad-Hoc|Any CPU.ActiveCfg = Debug|Any CPU
		{EC8A4C2B-EF1D-4EA8-BF45-479D76136A3C}.Ad-Hoc|Any CPU.Build.0 = Debug|Any CPU
		{EC8A4C2B-EF1D-4EA8-BF45-479D76136A3C}.Ad-Hoc|ARM.ActiveCfg = Debug|Any CPU
		{EC8A4C2B-EF1D-4EA8-BF45-479D76136A3C}.Ad-Hoc|ARM.Build.0 = Debug|Any CPU
		{EC8A4C2B-EF1D-4EA8-BF45-479D76136A3C}.Ad-Hoc|iPhone.ActiveCfg = Debug|Any CPU
		{EC8A4C2B-EF1D-4EA8-BF45-479D76136A3C}.Ad-Hoc|iPhone.Build.0 = Debug|Any CPU
		{EC8A4C2B-EF1D-4EA8-BF45-479D76136A3C}.Ad-Hoc|iPhoneSimulator.ActiveCfg = Debug|Any CPU
		{EC8A4C2B-EF1D-4EA8-BF45-479D76136A3C}.Ad-Hoc|iPhoneSimulator.Build.0 = Debug|Any CPU
		{EC8A4C2B-EF1D-4EA8-BF45-479D76136A3C}.Ad-Hoc|x64.ActiveCfg = Debug|Any CPU
		{EC8A4C2B-EF1D-4EA8-BF45-479D76136A3C}.Ad-Hoc|x64.Build.0 = Debug|Any CPU
		{EC8A4C2B-EF1D-4EA8-BF45-479D76136A3C}.Ad-Hoc|x86.ActiveCfg = Debug|Any CPU
		{EC8A4C2B-EF1D-4EA8-BF45-479D76136A3C}.Ad-Hoc|x86.Build.0 = Debug|Any CPU
		{EC8A4C2B-EF1D-4EA8-BF45-479D76136A3C}.AppStore|Any CPU.ActiveCfg = Debug|Any CPU
		{EC8A4C2B-EF1D-4EA8-BF45-479D76136A3C}.AppStore|Any CPU.Build.0 = Debug|Any CPU
		{EC8A4C2B-EF1D-4EA8-BF45-479D76136A3C}.AppStore|ARM.ActiveCfg = Debug|Any CPU
		{EC8A4C2B-EF1D-4EA8-BF45-479D76136A3C}.AppStore|ARM.Build.0 = Debug|Any CPU
		{EC8A4C2B-EF1D-4EA8-BF45-479D76136A3C}.AppStore|iPhone.ActiveCfg = Debug|Any CPU
		{EC8A4C2B-EF1D-4EA8-BF45-479D76136A3C}.AppStore|iPhone.Build.0 = Debug|Any CPU
		{EC8A4C2B-EF1D-4EA8-BF45-479D76136A3C}.AppStore|iPhoneSimulator.ActiveCfg = Debug|Any CPU
		{EC8A4C2B-EF1D-4EA8-BF45-479D76136A3C}.AppStore|iPhoneSimulator.Build.0 = Debug|Any CPU
		{EC8A4C2B-EF1D-4EA8-BF45-479D76136A3C}.AppStore|x64.ActiveCfg = Debug|Any CPU
		{EC8A4C2B-EF1D-4EA8-BF45-479D76136A3C}.AppStore|x64.Build.0 = Debug|Any CPU
		{EC8A4C2B-EF1D-4EA8-BF45-479D76136A3C}.AppStore|x86.ActiveCfg = Debug|Any CPU
		{EC8A4C2B-EF1D-4EA8-BF45-479D76136A3C}.AppStore|x86.Build.0 = Debug|Any CPU
		{EC8A4C2B-EF1D-4EA8-BF45-479D76136A3C}.Debug|Any CPU.ActiveCfg = Debug|Any CPU
		{EC8A4C2B-EF1D-4EA8-BF45-479D76136A3C}.Debug|Any CPU.Build.0 = Debug|Any CPU
		{EC8A4C2B-EF1D-4EA8-BF45-479D76136A3C}.Debug|ARM.ActiveCfg = Debug|Any CPU
		{EC8A4C2B-EF1D-4EA8-BF45-479D76136A3C}.Debug|ARM.Build.0 = Debug|Any CPU
		{EC8A4C2B-EF1D-4EA8-BF45-479D76136A3C}.Debug|iPhone.ActiveCfg = Debug|Any CPU
		{EC8A4C2B-EF1D-4EA8-BF45-479D76136A3C}.Debug|iPhone.Build.0 = Debug|Any CPU
		{EC8A4C2B-EF1D-4EA8-BF45-479D76136A3C}.Debug|iPhoneSimulator.ActiveCfg = Debug|Any CPU
		{EC8A4C2B-EF1D-4EA8-BF45-479D76136A3C}.Debug|iPhoneSimulator.Build.0 = Debug|Any CPU
		{EC8A4C2B-EF1D-4EA8-BF45-479D76136A3C}.Debug|x64.ActiveCfg = Debug|Any CPU
		{EC8A4C2B-EF1D-4EA8-BF45-479D76136A3C}.Debug|x64.Build.0 = Debug|Any CPU
		{EC8A4C2B-EF1D-4EA8-BF45-479D76136A3C}.Debug|x86.ActiveCfg = Debug|Any CPU
		{EC8A4C2B-EF1D-4EA8-BF45-479D76136A3C}.Debug|x86.Build.0 = Debug|Any CPU
		{EC8A4C2B-EF1D-4EA8-BF45-479D76136A3C}.Release|Any CPU.ActiveCfg = Release|Any CPU
		{EC8A4C2B-EF1D-4EA8-BF45-479D76136A3C}.Release|Any CPU.Build.0 = Release|Any CPU
		{EC8A4C2B-EF1D-4EA8-BF45-479D76136A3C}.Release|ARM.ActiveCfg = Release|Any CPU
		{EC8A4C2B-EF1D-4EA8-BF45-479D76136A3C}.Release|ARM.Build.0 = Release|Any CPU
		{EC8A4C2B-EF1D-4EA8-BF45-479D76136A3C}.Release|iPhone.ActiveCfg = Release|Any CPU
		{EC8A4C2B-EF1D-4EA8-BF45-479D76136A3C}.Release|iPhone.Build.0 = Release|Any CPU
		{EC8A4C2B-EF1D-4EA8-BF45-479D76136A3C}.Release|iPhoneSimulator.ActiveCfg = Release|Any CPU
		{EC8A4C2B-EF1D-4EA8-BF45-479D76136A3C}.Release|iPhoneSimulator.Build.0 = Release|Any CPU
		{EC8A4C2B-EF1D-4EA8-BF45-479D76136A3C}.Release|x64.ActiveCfg = Release|Any CPU
		{EC8A4C2B-EF1D-4EA8-BF45-479D76136A3C}.Release|x64.Build.0 = Release|Any CPU
		{EC8A4C2B-EF1D-4EA8-BF45-479D76136A3C}.Release|x86.ActiveCfg = Release|Any CPU
		{EC8A4C2B-EF1D-4EA8-BF45-479D76136A3C}.Release|x86.Build.0 = Release|Any CPU
	EndGlobalSection
	GlobalSection(SolutionProperties) = preSolution
		HideSolutionNode = FALSE
	EndGlobalSection
	GlobalSection(ExtensibilityGlobals) = postSolution
		SolutionGuid = {3C5A82D5-2F6F-4E98-9530-FD269813BB9E}
	EndGlobalSection
EndGlobal
